// !$*UTF8*$!
{
	archiveVersion = 1;
	classes = {
	};
	objectVersion = 46;
	objects = {

/* Begin PBXBuildFile section */
		42DEEC481E236D5D00596857 /* AppDelegate.swift in Sources */ = {isa = PBXBuildFile; fileRef = 42DEEC471E236D5D00596857 /* AppDelegate.swift */; };
		42DEEC4A1E236D5D00596857 /* ViewController.swift in Sources */ = {isa = PBXBuildFile; fileRef = 42DEEC491E236D5D00596857 /* ViewController.swift */; };
		42DEEC4D1E236D5D00596857 /* Main.storyboard in Resources */ = {isa = PBXBuildFile; fileRef = 42DEEC4B1E236D5D00596857 /* Main.storyboard */; };
		42DEEC4F1E236D5D00596857 /* Assets.xcassets in Resources */ = {isa = PBXBuildFile; fileRef = 42DEEC4E1E236D5D00596857 /* Assets.xcassets */; };
		42DEEC521E236D5D00596857 /* LaunchScreen.storyboard in Resources */ = {isa = PBXBuildFile; fileRef = 42DEEC501E236D5D00596857 /* LaunchScreen.storyboard */; };
		42DEEC5D1E236D5D00596857 /* AddressListDemoTests.swift in Sources */ = {isa = PBXBuildFile; fileRef = 42DEEC5C1E236D5D00596857 /* AddressListDemoTests.swift */; };
		42DEEC681E236D5D00596857 /* AddressListDemoUITests.swift in Sources */ = {isa = PBXBuildFile; fileRef = 42DEEC671E236D5D00596857 /* AddressListDemoUITests.swift */; };
/* End PBXBuildFile section */

/* Begin PBXContainerItemProxy section */
		42DEEC591E236D5D00596857 /* PBXContainerItemProxy */ = {
			isa = PBXContainerItemProxy;
			containerPortal = 42DEEC3C1E236D5D00596857 /* Project object */;
			proxyType = 1;
			remoteGlobalIDString = 42DEEC431E236D5D00596857;
			remoteInfo = AddressListDemo;
		};
		42DEEC641E236D5D00596857 /* PBXContainerItemProxy */ = {
			isa = PBXContainerItemProxy;
			containerPortal = 42DEEC3C1E236D5D00596857 /* Project object */;
			proxyType = 1;
			remoteGlobalIDString = 42DEEC431E236D5D00596857;
			remoteInfo = AddressListDemo;
		};
/* End PBXContainerItemProxy section */

/* Begin PBXFileReference section */
		42DEEC441E236D5D00596857 /* AddressListDemo.app */ = {isa = PBXFileReference; explicitFileType = wrapper.application; includeInIndex = 0; path = AddressListDemo.app; sourceTree = BUILT_PRODUCTS_DIR; };
		42DEEC471E236D5D00596857 /* AppDelegate.swift */ = {isa = PBXFileReference; lastKnownFileType = sourcecode.swift; path = AppDelegate.swift; sourceTree = "<group>"; };
		42DEEC491E236D5D00596857 /* ViewController.swift */ = {isa = PBXFileReference; lastKnownFileType = sourcecode.swift; path = ViewController.swift; sourceTree = "<group>"; };
		42DEEC4C1E236D5D00596857 /* Base */ = {isa = PBXFileReference; lastKnownFileType = file.storyboard; name = Base; path = Base.lproj/Main.storyboard; sourceTree = "<group>"; };
		42DEEC4E1E236D5D00596857 /* Assets.xcassets */ = {isa = PBXFileReference; lastKnownFileType = folder.assetcatalog; path = Assets.xcassets; sourceTree = "<group>"; };
		42DEEC511E236D5D00596857 /* Base */ = {isa = PBXFileReference; lastKnownFileType = file.storyboard; name = Base; path = Base.lproj/LaunchScreen.storyboard; sourceTree = "<group>"; };
		42DEEC531E236D5D00596857 /* Info.plist */ = {isa = PBXFileReference; lastKnownFileType = text.plist.xml; path = Info.plist; sourceTree = "<group>"; };
		42DEEC581E236D5D00596857 /* AddressListDemoTests.xctest */ = {isa = PBXFileReference; explicitFileType = wrapper.cfbundle; includeInIndex = 0; path = AddressListDemoTests.xctest; sourceTree = BUILT_PRODUCTS_DIR; };
		42DEEC5C1E236D5D00596857 /* AddressListDemoTests.swift */ = {isa = PBXFileReference; lastKnownFileType = sourcecode.swift; path = AddressListDemoTests.swift; sourceTree = "<group>"; };
		42DEEC5E1E236D5D00596857 /* Info.plist */ = {isa = PBXFileReference; lastKnownFileType = text.plist.xml; path = Info.plist; sourceTree = "<group>"; };
		42DEEC631E236D5D00596857 /* AddressListDemoUITests.xctest */ = {isa = PBXFileReference; explicitFileType = wrapper.cfbundle; includeInIndex = 0; path = AddressListDemoUITests.xctest; sourceTree = BUILT_PRODUCTS_DIR; };
		42DEEC671E236D5D00596857 /* AddressListDemoUITests.swift */ = {isa = PBXFileReference; lastKnownFileType = sourcecode.swift; path = AddressListDemoUITests.swift; sourceTree = "<group>"; };
		42DEEC691E236D5D00596857 /* Info.plist */ = {isa = PBXFileReference; lastKnownFileType = text.plist.xml; path = Info.plist; sourceTree = "<group>"; };
/* End PBXFileReference section */

/* Begin PBXFrameworksBuildPhase section */
		42DEEC411E236D5D00596857 /* Frameworks */ = {
			isa = PBXFrameworksBuildPhase;
			buildActionMask = 2147483647;
			files = (
			);
			runOnlyForDeploymentPostprocessing = 0;
		};
		42DEEC551E236D5D00596857 /* Frameworks */ = {
			isa = PBXFrameworksBuildPhase;
			buildActionMask = 2147483647;
			files = (
			);
			runOnlyForDeploymentPostprocessing = 0;
		};
		42DEEC601E236D5D00596857 /* Frameworks */ = {
			isa = PBXFrameworksBuildPhase;
			buildActionMask = 2147483647;
			files = (
			);
			runOnlyForDeploymentPostprocessing = 0;
		};
/* End PBXFrameworksBuildPhase section */

/* Begin PBXGroup section */
		42DEEC3B1E236D5D00596857 = {
			isa = PBXGroup;
			children = (
				42DEEC461E236D5D00596857 /* AddressListDemo */,
				42DEEC5B1E236D5D00596857 /* AddressListDemoTests */,
				42DEEC661E236D5D00596857 /* AddressListDemoUITests */,
				42DEEC451E236D5D00596857 /* Products */,
			);
			sourceTree = "<group>";
		};
		42DEEC451E236D5D00596857 /* Products */ = {
			isa = PBXGroup;
			children = (
				42DEEC441E236D5D00596857 /* AddressListDemo.app */,
				42DEEC581E236D5D00596857 /* AddressListDemoTests.xctest */,
				42DEEC631E236D5D00596857 /* AddressListDemoUITests.xctest */,
			);
			name = Products;
			sourceTree = "<group>";
		};
		42DEEC461E236D5D00596857 /* AddressListDemo */ = {
			isa = PBXGroup;
			children = (
				42DEEC471E236D5D00596857 /* AppDelegate.swift */,
				42DEEC491E236D5D00596857 /* ViewController.swift */,
				42DEEC4B1E236D5D00596857 /* Main.storyboard */,
				42DEEC4E1E236D5D00596857 /* Assets.xcassets */,
				42DEEC501E236D5D00596857 /* LaunchScreen.storyboard */,
				42DEEC531E236D5D00596857 /* Info.plist */,
			);
			path = AddressListDemo;
			sourceTree = "<group>";
		};
		42DEEC5B1E236D5D00596857 /* AddressListDemoTests */ = {
			isa = PBXGroup;
			children = (
				42DEEC5C1E236D5D00596857 /* AddressListDemoTests.swift */,
				42DEEC5E1E236D5D00596857 /* Info.plist */,
			);
			path = AddressListDemoTests;
			sourceTree = "<group>";
		};
		42DEEC661E236D5D00596857 /* AddressListDemoUITests */ = {
			isa = PBXGroup;
			children = (
				42DEEC671E236D5D00596857 /* AddressListDemoUITests.swift */,
				42DEEC691E236D5D00596857 /* Info.plist */,
			);
			path = AddressListDemoUITests;
			sourceTree = "<group>";
		};
/* End PBXGroup section */

/* Begin PBXNativeTarget section */
		42DEEC431E236D5D00596857 /* AddressListDemo */ = {
			isa = PBXNativeTarget;
			buildConfigurationList = 42DEEC6C1E236D5D00596857 /* Build configuration list for PBXNativeTarget "AddressListDemo" */;
			buildPhases = (
				42DEEC401E236D5D00596857 /* Sources */,
				42DEEC411E236D5D00596857 /* Frameworks */,
				42DEEC421E236D5D00596857 /* Resources */,
			);
			buildRules = (
			);
			dependencies = (
			);
			name = AddressListDemo;
			productName = AddressListDemo;
			productReference = 42DEEC441E236D5D00596857 /* AddressListDemo.app */;
			productType = "com.apple.product-type.application";
		};
		42DEEC571E236D5D00596857 /* AddressListDemoTests */ = {
			isa = PBXNativeTarget;
			buildConfigurationList = 42DEEC6F1E236D5D00596857 /* Build configuration list for PBXNativeTarget "AddressListDemoTests" */;
			buildPhases = (
				42DEEC541E236D5D00596857 /* Sources */,
				42DEEC551E236D5D00596857 /* Frameworks */,
				42DEEC561E236D5D00596857 /* Resources */,
			);
			buildRules = (
			);
			dependencies = (
				42DEEC5A1E236D5D00596857 /* PBXTargetDependency */,
			);
			name = AddressListDemoTests;
			productName = AddressListDemoTests;
			productReference = 42DEEC581E236D5D00596857 /* AddressListDemoTests.xctest */;
			productType = "com.apple.product-type.bundle.unit-test";
		};
		42DEEC621E236D5D00596857 /* AddressListDemoUITests */ = {
			isa = PBXNativeTarget;
			buildConfigurationList = 42DEEC721E236D5D00596857 /* Build configuration list for PBXNativeTarget "AddressListDemoUITests" */;
			buildPhases = (
				42DEEC5F1E236D5D00596857 /* Sources */,
				42DEEC601E236D5D00596857 /* Frameworks */,
				42DEEC611E236D5D00596857 /* Resources */,
			);
			buildRules = (
			);
			dependencies = (
				42DEEC651E236D5D00596857 /* PBXTargetDependency */,
			);
			name = AddressListDemoUITests;
			productName = AddressListDemoUITests;
			productReference = 42DEEC631E236D5D00596857 /* AddressListDemoUITests.xctest */;
			productType = "com.apple.product-type.bundle.ui-testing";
		};
/* End PBXNativeTarget section */

/* Begin PBXProject section */
		42DEEC3C1E236D5D00596857 /* Project object */ = {
			isa = PBXProject;
			attributes = {
				LastSwiftUpdateCheck = 0820;
				LastUpgradeCheck = 0820;
				ORGANIZATIONNAME = llk;
				TargetAttributes = {
					42DEEC431E236D5D00596857 = {
						CreatedOnToolsVersion = 8.2;
						DevelopmentTeam = 7Q8V8K83D7;
						ProvisioningStyle = Automatic;
					};
					42DEEC571E236D5D00596857 = {
						CreatedOnToolsVersion = 8.2;
						DevelopmentTeam = 28NEH8M2Q4;
						ProvisioningStyle = Automatic;
						TestTargetID = 42DEEC431E236D5D00596857;
					};
					42DEEC621E236D5D00596857 = {
						CreatedOnToolsVersion = 8.2;
						DevelopmentTeam = 28NEH8M2Q4;
						ProvisioningStyle = Automatic;
						TestTargetID = 42DEEC431E236D5D00596857;
					};
				};
			};
			buildConfigurationList = 42DEEC3F1E236D5D00596857 /* Build configuration list for PBXProject "AddressListDemo" */;
			compatibilityVersion = "Xcode 3.2";
			developmentRegion = English;
			hasScannedForEncodings = 0;
			knownRegions = (
				en,
				Base,
			);
			mainGroup = 42DEEC3B1E236D5D00596857;
			productRefGroup = 42DEEC451E236D5D00596857 /* Products */;
			projectDirPath = "";
			projectRoot = "";
			targets = (
				42DEEC431E236D5D00596857 /* AddressListDemo */,
				42DEEC571E236D5D00596857 /* AddressListDemoTests */,
				42DEEC621E236D5D00596857 /* AddressListDemoUITests */,
			);
		};
/* End PBXProject section */

/* Begin PBXResourcesBuildPhase section */
		42DEEC421E236D5D00596857 /* Resources */ = {
			isa = PBXResourcesBuildPhase;
			buildActionMask = 2147483647;
			files = (
				42DEEC521E236D5D00596857 /* LaunchScreen.storyboard in Resources */,
				42DEEC4F1E236D5D00596857 /* Assets.xcassets in Resources */,
				42DEEC4D1E236D5D00596857 /* Main.storyboard in Resources */,
			);
			runOnlyForDeploymentPostprocessing = 0;
		};
		42DEEC561E236D5D00596857 /* Resources */ = {
			isa = PBXResourcesBuildPhase;
			buildActionMask = 2147483647;
			files = (
			);
			runOnlyForDeploymentPostprocessing = 0;
		};
		42DEEC611E236D5D00596857 /* Resources */ = {
			isa = PBXResourcesBuildPhase;
			buildActionMask = 2147483647;
			files = (
			);
			runOnlyForDeploymentPostprocessing = 0;
		};
/* End PBXResourcesBuildPhase section */

/* Begin PBXSourcesBuildPhase section */
		42DEEC401E236D5D00596857 /* Sources */ = {
			isa = PBXSourcesBuildPhase;
			buildActionMask = 2147483647;
			files = (
				42DEEC4A1E236D5D00596857 /* ViewController.swift in Sources */,
				42DEEC481E236D5D00596857 /* AppDelegate.swift in Sources */,
			);
			runOnlyForDeploymentPostprocessing = 0;
		};
		42DEEC541E236D5D00596857 /* Sources */ = {
			isa = PBXSourcesBuildPhase;
			buildActionMask = 2147483647;
			files = (
				42DEEC5D1E236D5D00596857 /* AddressListDemoTests.swift in Sources */,
			);
			runOnlyForDeploymentPostprocessing = 0;
		};
		42DEEC5F1E236D5D00596857 /* Sources */ = {
			isa = PBXSourcesBuildPhase;
			buildActionMask = 2147483647;
			files = (
				42DEEC681E236D5D00596857 /* AddressListDemoUITests.swift in Sources */,
			);
			runOnlyForDeploymentPostprocessing = 0;
		};
/* End PBXSourcesBuildPhase section */

/* Begin PBXTargetDependency section */
		42DEEC5A1E236D5D00596857 /* PBXTargetDependency */ = {
			isa = PBXTargetDependency;
			target = 42DEEC431E236D5D00596857 /* AddressListDemo */;
			targetProxy = 42DEEC591E236D5D00596857 /* PBXContainerItemProxy */;
		};
		42DEEC651E236D5D00596857 /* PBXTargetDependency */ = {
			isa = PBXTargetDependency;
			target = 42DEEC431E236D5D00596857 /* AddressListDemo */;
			targetProxy = 42DEEC641E236D5D00596857 /* PBXContainerItemProxy */;
		};
/* End PBXTargetDependency section */

/* Begin PBXVariantGroup section */
		42DEEC4B1E236D5D00596857 /* Main.storyboard */ = {
			isa = PBXVariantGroup;
			children = (
				42DEEC4C1E236D5D00596857 /* Base */,
			);
			name = Main.storyboard;
			sourceTree = "<group>";
		};
		42DEEC501E236D5D00596857 /* LaunchScreen.storyboard */ = {
			isa = PBXVariantGroup;
			children = (
				42DEEC511E236D5D00596857 /* Base */,
			);
			name = LaunchScreen.storyboard;
			sourceTree = "<group>";
		};
/* End PBXVariantGroup section */

/* Begin XCBuildConfiguration section */
		42DEEC6A1E236D5D00596857 /* Debug */ = {
			isa = XCBuildConfiguration;
			buildSettings = {
				ALWAYS_SEARCH_USER_PATHS = NO;
				CLANG_ANALYZER_NONNULL = YES;
				CLANG_CXX_LANGUAGE_STANDARD = "gnu++0x";
				CLANG_CXX_LIBRARY = "libc++";
				CLANG_ENABLE_MODULES = YES;
				CLANG_ENABLE_OBJC_ARC = YES;
				CLANG_WARN_BOOL_CONVERSION = YES;
				CLANG_WARN_CONSTANT_CONVERSION = YES;
				CLANG_WARN_DIRECT_OBJC_ISA_USAGE = YES_ERROR;
				CLANG_WARN_DOCUMENTATION_COMMENTS = YES;
				CLANG_WARN_EMPTY_BODY = YES;
				CLANG_WARN_ENUM_CONVERSION = YES;
				CLANG_WARN_INFINITE_RECURSION = YES;
				CLANG_WARN_INT_CONVERSION = YES;
				CLANG_WARN_OBJC_ROOT_CLASS = YES_ERROR;
				CLANG_WARN_SUSPICIOUS_MOVE = YES;
				CLANG_WARN_UNREACHABLE_CODE = YES;
				CLANG_WARN__DUPLICATE_METHOD_MATCH = YES;
				"CODE_SIGN_IDENTITY[sdk=iphoneos*]" = "iPhone Developer";
				COPY_PHASE_STRIP = NO;
				DEBUG_INFORMATION_FORMAT = dwarf;
				ENABLE_STRICT_OBJC_MSGSEND = YES;
				ENABLE_TESTABILITY = YES;
				GCC_C_LANGUAGE_STANDARD = gnu99;
				GCC_DYNAMIC_NO_PIC = NO;
				GCC_NO_COMMON_BLOCKS = YES;
				GCC_OPTIMIZATION_LEVEL = 0;
				GCC_PREPROCESSOR_DEFINITIONS = (
					"DEBUG=1",
					"$(inherited)",
				);
				GCC_WARN_64_TO_32_BIT_CONVERSION = YES;
				GCC_WARN_ABOUT_RETURN_TYPE = YES_ERROR;
				GCC_WARN_UNDECLARED_SELECTOR = YES;
				GCC_WARN_UNINITIALIZED_AUTOS = YES_AGGRESSIVE;
				GCC_WARN_UNUSED_FUNCTION = YES;
				GCC_WARN_UNUSED_VARIABLE = YES;
				IPHONEOS_DEPLOYMENT_TARGET = 10.2;
				MTL_ENABLE_DEBUG_INFO = YES;
				ONLY_ACTIVE_ARCH = YES;
				SDKROOT = iphoneos;
				SWIFT_ACTIVE_COMPILATION_CONDITIONS = DEBUG;
				SWIFT_OPTIMIZATION_LEVEL = "-Onone";
			};
			name = Debug;
		};
		42DEEC6B1E236D5D00596857 /* Release */ = {
			isa = XCBuildConfiguration;
			buildSettings = {
				ALWAYS_SEARCH_USER_PATHS = NO;
				CLANG_ANALYZER_NONNULL = YES;
				CLANG_CXX_LANGUAGE_STANDARD = "gnu++0x";
				CLANG_CXX_LIBRARY = "libc++";
				CLANG_ENABLE_MODULES = YES;
				CLANG_ENABLE_OBJC_ARC = YES;
				CLANG_WARN_BOOL_CONVERSION = YES;
				CLANG_WARN_CONSTANT_CONVERSION = YES;
				CLANG_WARN_DIRECT_OBJC_ISA_USAGE = YES_ERROR;
				CLANG_WARN_DOCUMENTATION_COMMENTS = YES;
				CLANG_WARN_EMPTY_BODY = YES;
				CLANG_WARN_ENUM_CONVERSION = YES;
				CLANG_WARN_INFINITE_RECURSION = YES;
				CLANG_WARN_INT_CONVERSION = YES;
				CLANG_WARN_OBJC_ROOT_CLASS = YES_ERROR;
				CLANG_WARN_SUSPICIOUS_MOVE = YES;
				CLANG_WARN_UNREACHABLE_CODE = YES;
				CLANG_WARN__DUPLICATE_METHOD_MATCH = YES;
				"CODE_SIGN_IDENTITY[sdk=iphoneos*]" = "iPhone Developer";
				COPY_PHASE_STRIP = NO;
				DEBUG_INFORMATION_FORMAT = "dwarf-with-dsym";
				ENABLE_NS_ASSERTIONS = NO;
				ENABLE_STRICT_OBJC_MSGSEND = YES;
				GCC_C_LANGUAGE_STANDARD = gnu99;
				GCC_NO_COMMON_BLOCKS = YES;
				GCC_WARN_64_TO_32_BIT_CONVERSION = YES;
				GCC_WARN_ABOUT_RETURN_TYPE = YES_ERROR;
				GCC_WARN_UNDECLARED_SELECTOR = YES;
				GCC_WARN_UNINITIALIZED_AUTOS = YES_AGGRESSIVE;
				GCC_WARN_UNUSED_FUNCTION = YES;
				GCC_WARN_UNUSED_VARIABLE = YES;
				IPHONEOS_DEPLOYMENT_TARGET = 10.2;
				MTL_ENABLE_DEBUG_INFO = NO;
				SDKROOT = iphoneos;
				SWIFT_OPTIMIZATION_LEVEL = "-Owholemodule";
				VALIDATE_PRODUCT = YES;
			};
			name = Release;
		};
		42DEEC6D1E236D5D00596857 /* Debug */ = {
			isa = XCBuildConfiguration;
			buildSettings = {
				ASSETCATALOG_COMPILER_APPICON_NAME = AppIcon;
				DEVELOPMENT_TEAM = 7Q8V8K83D7;
				INFOPLIST_FILE = AddressListDemo/Info.plist;
				IPHONEOS_DEPLOYMENT_TARGET = 10.0;
				LD_RUNPATH_SEARCH_PATHS = "$(inherited) @executable_path/Frameworks";
				PRODUCT_BUNDLE_IDENTIFIER = com.llk.AddressListDemo;
				PRODUCT_NAME = "$(TARGET_NAME)";
				SWIFT_VERSION = 3.0;
			};
			name = Debug;
		};
		42DEEC6E1E236D5D00596857 /* Release */ = {
			isa = XCBuildConfiguration;
			buildSettings = {
				ASSETCATALOG_COMPILER_APPICON_NAME = AppIcon;
				DEVELOPMENT_TEAM = 7Q8V8K83D7;
				INFOPLIST_FILE = AddressListDemo/Info.plist;
				IPHONEOS_DEPLOYMENT_TARGET = 10.0;
				LD_RUNPATH_SEARCH_PATHS = "$(inherited) @executable_path/Frameworks";
				PRODUCT_BUNDLE_IDENTIFIER = com.llk.AddressListDemo;
				PRODUCT_NAME = "$(TARGET_NAME)";
				SWIFT_VERSION = 3.0;
			};
			name = Release;
		};
		42DEEC701E236D5D00596857 /* Debug */ = {
			isa = XCBuildConfiguration;
			buildSettings = {
				ALWAYS_EMBED_SWIFT_STANDARD_LIBRARIES = YES;
				BUNDLE_LOADER = "$(TEST_HOST)";
				DEVELOPMENT_TEAM = 28NEH8M2Q4;
				INFOPLIST_FILE = AddressListDemoTests/Info.plist;
				LD_RUNPATH_SEARCH_PATHS = "$(inherited) @executable_path/Frameworks @loader_path/Frameworks";
				PRODUCT_BUNDLE_IDENTIFIER = com.llk.AddressListDemoTests;
				PRODUCT_NAME = "$(TARGET_NAME)";
				SWIFT_VERSION = 3.0;
				TEST_HOST = "$(BUILT_PRODUCTS_DIR)/AddressListDemo.app/AddressListDemo";
			};
			name = Debug;
		};
		42DEEC711E236D5D00596857 /* Release */ = {
			isa = XCBuildConfiguration;
			buildSettings = {
				ALWAYS_EMBED_SWIFT_STANDARD_LIBRARIES = YES;
				BUNDLE_LOADER = "$(TEST_HOST)";
				DEVELOPMENT_TEAM = 28NEH8M2Q4;
				INFOPLIST_FILE = AddressListDemoTests/Info.plist;
				LD_RUNPATH_SEARCH_PATHS = "$(inherited) @executable_path/Frameworks @loader_path/Frameworks";
				PRODUCT_BUNDLE_IDENTIFIER = com.llk.AddressListDemoTests;
				PRODUCT_NAME = "$(TARGET_NAME)";
				SWIFT_VERSION = 3.0;
				TEST_HOST = "$(BUILT_PRODUCTS_DIR)/AddressListDemo.app/AddressListDemo";
			};
			name = Release;
		};
		42DEEC731E236D5D00596857 /* Debug */ = {
			isa = XCBuildConfiguration;
			buildSettings = {
				ALWAYS_EMBED_SWIFT_STANDARD_LIBRARIES = YES;
				DEVELOPMENT_TEAM = 28NEH8M2Q4;
				INFOPLIST_FILE = AddressListDemoUITests/Info.plist;
				LD_RUNPATH_SEARCH_PATHS = "$(inherited) @executable_path/Frameworks @loader_path/Frameworks";
				PRODUCT_BUNDLE_IDENTIFIER = com.llk.AddressListDemoUITests;
				PRODUCT_NAME = "$(TARGET_NAME)";
				SWIFT_VERSION = 3.0;
				TEST_TARGET_NAME = AddressListDemo;
			};
			name = Debug;
		};
		42DEEC741E236D5D00596857 /* Release */ = {
			isa = XCBuildConfiguration;
			buildSettings = {
				ALWAYS_EMBED_SWIFT_STANDARD_LIBRARIES = YES;
				DEVELOPMENT_TEAM = 28NEH8M2Q4;
				INFOPLIST_FILE = AddressListDemoUITests/Info.plist;
				LD_RUNPATH_SEARCH_PATHS = "$(inherited) @executable_path/Frameworks @loader_path/Frameworks";
				PRODUCT_BUNDLE_IDENTIFIER = com.llk.AddressListDemoUITests;
				PRODUCT_NAME = "$(TARGET_NAME)";
				SWIFT_VERSION = 3.0;
				TEST_TARGET_NAME = AddressListDemo;
			};
			name = Release;
		};
/* End XCBuildConfiguration section */

/* Begin XCConfigurationList section */
		42DEEC3F1E236D5D00596857 /* Build configuration list for PBXProject "AddressListDemo" */ = {
			isa = XCConfigurationList;
			buildConfigurations = (
				42DEEC6A1E236D5D00596857 /* Debug */,
				42DEEC6B1E236D5D00596857 /* Release */,
			);
			defaultConfigurationIsVisible = 0;
			defaultConfigurationName = Release;
		};
		42DEEC6C1E236D5D00596857 /* Build configuration list for PBXNativeTarget "AddressListDemo" */ = {
			isa = XCConfigurationList;
			buildConfigurations = (
				42DEEC6D1E236D5D00596857 /* Debug */,
				42DEEC6E1E236D5D00596857 /* Release */,
			);
			defaultConfigurationIsVisible = 0;
			defaultConfigurationName = Release;
		};
		42DEEC6F1E236D5D00596857 /* Build configuration list for PBXNativeTarget "AddressListDemoTests" */ = {
			isa = XCConfigurationList;
			buildConfigurations = (
				42DEEC701E236D5D00596857 /* Debug */,
				42DEEC711E236D5D00596857 /* Release */,
			);
			defaultConfigurationIsVisible = 0;
			defaultConfigurationName = Release;
		};
		42DEEC721E236D5D00596857 /* Build configuration list for PBXNativeTarget "AddressListDemoUITests" */ = {
			isa = XCConfigurationList;
			buildConfigurations = (
				42DEEC731E236D5D00596857 /* Debug */,
				42DEEC741E236D5D00596857 /* Release */,
			);
			defaultConfigurationIsVisible = 0;
			defaultConfigurationName = Release;
		};
/* End XCConfigurationList section */
	};
	rootObject = 42DEEC3C1E236D5D00596857 /* Project object */;
}
